
Microsoft Visual Studio Solution File, Format Version 12.00
# Visual Studio 15
VisualStudioVersion = 15.0.26730.16
MinimumVisualStudioVersion = 10.0.40219.1
Project("{FAE04EC0-301F-11D3-BF4B-00C04F79EFBC}") = "StarWarsApi", "StarWarsApi\StarWarsApi.csproj", "{1FF01BB0-6FAF-4AF8-B7D1-BD18FB7978C5}"
EndProject
Project("{FAE04EC0-301F-11D3-BF4B-00C04F79EFBC}") = "ForceWeb", "ForceWeb\ForceWeb.csproj", "{B0E6E4F4-9479-4633-8C02-0C7045743AA7}"
EndProject
Global
	GlobalSection(SolutionConfigurationPlatforms) = preSolution
		Debug|Any CPU = Debug|Any CPU
		Release|Any CPU = Release|Any CPU
	EndGlobalSection
	GlobalSection(ProjectConfigurationPlatforms) = postSolution
		{1FF01BB0-6FAF-4AF8-B7D1-BD18FB7978C5}.Debug|Any CPU.ActiveCfg = Debug|Any CPU
		{1FF01BB0-6FAF-4AF8-B7D1-BD18FB7978C5}.Debug|Any CPU.Build.0 = Debug|Any CPU
		{1FF01BB0-6FAF-4AF8-B7D1-BD18FB7978C5}.Release|Any CPU.ActiveCfg = Release|Any CPU
		{1FF01BB0-6FAF-4AF8-B7D1-BD18FB7978C5}.Release|Any CPU.Build.0 = Release|Any CPU
		{B0E6E4F4-9479-4633-8C02-0C7045743AA7}.Debug|Any CPU.ActiveCfg = Debug|Any CPU
		{B0E6E4F4-9479-4633-8C02-0C7045743AA7}.Debug|Any CPU.Build.0 = Debug|Any CPU
		{B0E6E4F4-9479-4633-8C02-0C7045743AA7}.Release|Any CPU.ActiveCfg = Release|Any CPU
		{B0E6E4F4-9479-4633-8C02-0C7045743AA7}.Release|Any CPU.Build.0 = Release|Any CPU
	EndGlobalSection
	GlobalSection(SolutionProperties) = preSolution
		HideSolutionNode = FALSE
	EndGlobalSection
	GlobalSection(ExtensibilityGlobals) = postSolution
		SolutionGuid = {41EF5EDC-C8FD-4DA6-B0D8-355C5D7F32CE}
	EndGlobalSection
EndGlobal
