
Microsoft Visual Studio Solution File, Format Version 12.00
# Visual Studio 15
VisualStudioVersion = 15.0.26730.15
MinimumVisualStudioVersion = 10.0.40219.1
Project("{9A19103F-16F7-4668-BE54-9A1E7A4F7556}") = "api", "api\api.csproj", "{77308037-468D-4CD6-88E7-FEB29DEFF2D7}"
EndProject
Project("{9A19103F-16F7-4668-BE54-9A1E7A4F7556}") = "web", "web\web.csproj", "{55BB2AE5-9F99-4933-AC04-399E366473E1}"
EndProject
Global
	GlobalSection(SolutionConfigurationPlatforms) = preSolution
		Debug|Any CPU = Debug|Any CPU
		Release|Any CPU = Release|Any CPU
	EndGlobalSection
	GlobalSection(ProjectConfigurationPlatforms) = postSolution
		{77308037-468D-4CD6-88E7-FEB29DEFF2D7}.Debug|Any CPU.ActiveCfg = Debug|Any CPU
		{77308037-468D-4CD6-88E7-FEB29DEFF2D7}.Debug|Any CPU.Build.0 = Debug|Any CPU
		{77308037-468D-4CD6-88E7-FEB29DEFF2D7}.Release|Any CPU.ActiveCfg = Release|Any CPU
		{77308037-468D-4CD6-88E7-FEB29DEFF2D7}.Release|Any CPU.Build.0 = Release|Any CPU
		{55BB2AE5-9F99-4933-AC04-399E366473E1}.Debug|Any CPU.ActiveCfg = Debug|Any CPU
		{55BB2AE5-9F99-4933-AC04-399E366473E1}.Debug|Any CPU.Build.0 = Debug|Any CPU
		{55BB2AE5-9F99-4933-AC04-399E366473E1}.Release|Any CPU.ActiveCfg = Release|Any CPU
		{55BB2AE5-9F99-4933-AC04-399E366473E1}.Release|Any CPU.Build.0 = Release|Any CPU
	EndGlobalSection
	GlobalSection(SolutionProperties) = preSolution
		HideSolutionNode = FALSE
	EndGlobalSection
	GlobalSection(ExtensibilityGlobals) = postSolution
		SolutionGuid = {41EF5EDC-C8FD-4DA6-B0D8-355C5D7F32CE}
	EndGlobalSection
EndGlobal
