
Microsoft Visual Studio Solution File, Format Version 12.00
# Visual Studio 15
VisualStudioVersion = 15.0.26730.16
MinimumVisualStudioVersion = 10.0.40219.1
Project("{FAE04EC0-301F-11D3-BF4B-00C04F79EFBC}") = "ConsoleApp1", "ConsoleApp1\ConsoleApp1.csproj", "{6D11DC90-648D-461F-A6A9-2321B64FBB06}"
	ProjectSection(ProjectDependencies) = postProject
		{6C034E04-2FE4-49E1-8ECB-9A38AEF3D92F} = {6C034E04-2FE4-49E1-8ECB-9A38AEF3D92F}
	EndProjectSection
EndProject
Project("{FAE04EC0-301F-11D3-BF4B-00C04F79EFBC}") = "Compressor", "Compressor\Compressor.csproj", "{6C034E04-2FE4-49E1-8ECB-9A38AEF3D92F}"
EndProject
Global
	GlobalSection(SolutionConfigurationPlatforms) = preSolution
		Debug|Any CPU = Debug|Any CPU
		Release|Any CPU = Release|Any CPU
	EndGlobalSection
	GlobalSection(ProjectConfigurationPlatforms) = postSolution
		{6D11DC90-648D-461F-A6A9-2321B64FBB06}.Debug|Any CPU.ActiveCfg = Debug|Any CPU
		{6D11DC90-648D-461F-A6A9-2321B64FBB06}.Debug|Any CPU.Build.0 = Debug|Any CPU
		{6D11DC90-648D-461F-A6A9-2321B64FBB06}.Release|Any CPU.ActiveCfg = Release|Any CPU
		{6D11DC90-648D-461F-A6A9-2321B64FBB06}.Release|Any CPU.Build.0 = Release|Any CPU
		{6C034E04-2FE4-49E1-8ECB-9A38AEF3D92F}.Debug|Any CPU.ActiveCfg = Debug|Any CPU
		{6C034E04-2FE4-49E1-8ECB-9A38AEF3D92F}.Debug|Any CPU.Build.0 = Debug|Any CPU
		{6C034E04-2FE4-49E1-8ECB-9A38AEF3D92F}.Release|Any CPU.ActiveCfg = Release|Any CPU
		{6C034E04-2FE4-49E1-8ECB-9A38AEF3D92F}.Release|Any CPU.Build.0 = Release|Any CPU
	EndGlobalSection
	GlobalSection(SolutionProperties) = preSolution
		HideSolutionNode = FALSE
	EndGlobalSection
	GlobalSection(ExtensibilityGlobals) = postSolution
		SolutionGuid = {651F4CEF-A497-48F2-B751-85EE281057D0}
	EndGlobalSection
EndGlobal
